
Microsoft Visual Studio Solution File, Format Version 12.00
# Visual Studio Version 17
VisualStudioVersion = 17.0.31903.59
MinimumVisualStudioVersion = 10.0.40219.1
Project("{2150E333-8FDC-42A3-9474-1A3956D46DE8}") = "src", "src", "{827E0CD3-B72D-47B6-A68D-7590B98EB39B}"
EndProject
Project("{FAE04EC0-301F-11D3-BF4B-00C04F79EFBC}") = "HackerNews.Api", "src\HackerNews.Api\HackerNews.Api.csproj", "{C20B9CEF-1B2C-4FE9-B861-B4B34ACBC3DC}"
EndProject
Project("{FAE04EC0-301F-11D3-BF4B-00C04F79EFBC}") = "HackerNews.Application", "src\HackerNews.Application\HackerNews.Application.csproj", "{7B2979D6-F5FD-4F47-B8CA-53DEEC47673F}"
EndProject
Project("{FAE04EC0-301F-11D3-BF4B-00C04F79EFBC}") = "HackerNews.Infrastructure", "src\HackerNews.Infrastructure\HackerNews.Infrastructure.csproj", "{9ADFBBA9-2850-4A90-B21D-F4159D7F2F62}"
EndProject
Project("{FAE04EC0-301F-11D3-BF4B-00C04F79EFBC}") = "HackerNews.Tests", "tests\HackerNews.Tests\HackerNews.Tests.csproj", "{4296E46F-A6B8-4027-8158-727A81FCEDC6}"
EndProject
Global
	GlobalSection(SolutionConfigurationPlatforms) = preSolution
		Debug|Any CPU = Debug|Any CPU
		Debug|x64 = Debug|x64
		Debug|x86 = Debug|x86
		Release|Any CPU = Release|Any CPU
		Release|x64 = Release|x64
		Release|x86 = Release|x86
	EndGlobalSection
	GlobalSection(ProjectConfigurationPlatforms) = postSolution
		{C20B9CEF-1B2C-4FE9-B861-B4B34ACBC3DC}.Debug|Any CPU.ActiveCfg = Debug|Any CPU
		{C20B9CEF-1B2C-4FE9-B861-B4B34ACBC3DC}.Debug|Any CPU.Build.0 = Debug|Any CPU
		{C20B9CEF-1B2C-4FE9-B861-B4B34ACBC3DC}.Debug|x64.ActiveCfg = Debug|Any CPU
		{C20B9CEF-1B2C-4FE9-B861-B4B34ACBC3DC}.Debug|x64.Build.0 = Debug|Any CPU
		{C20B9CEF-1B2C-4FE9-B861-B4B34ACBC3DC}.Debug|x86.ActiveCfg = Debug|Any CPU
		{C20B9CEF-1B2C-4FE9-B861-B4B34ACBC3DC}.Debug|x86.Build.0 = Debug|Any CPU
		{C20B9CEF-1B2C-4FE9-B861-B4B34ACBC3DC}.Release|Any CPU.ActiveCfg = Release|Any CPU
		{C20B9CEF-1B2C-4FE9-B861-B4B34ACBC3DC}.Release|Any CPU.Build.0 = Release|Any CPU
		{C20B9CEF-1B2C-4FE9-B861-B4B34ACBC3DC}.Release|x64.ActiveCfg = Release|Any CPU
		{C20B9CEF-1B2C-4FE9-B861-B4B34ACBC3DC}.Release|x64.Build.0 = Release|Any CPU
		{C20B9CEF-1B2C-4FE9-B861-B4B34ACBC3DC}.Release|x86.ActiveCfg = Release|Any CPU
		{C20B9CEF-1B2C-4FE9-B861-B4B34ACBC3DC}.Release|x86.Build.0 = Release|Any CPU
		{7B2979D6-F5FD-4F47-B8CA-53DEEC47673F}.Debug|Any CPU.ActiveCfg = Debug|Any CPU
		{7B2979D6-F5FD-4F47-B8CA-53DEEC47673F}.Debug|Any CPU.Build.0 = Debug|Any CPU
		{7B2979D6-F5FD-4F47-B8CA-53DEEC47673F}.Debug|x64.ActiveCfg = Debug|Any CPU
		{7B2979D6-F5FD-4F47-B8CA-53DEEC47673F}.Debug|x64.Build.0 = Debug|Any CPU
		{7B2979D6-F5FD-4F47-B8CA-53DEEC47673F}.Debug|x86.ActiveCfg = Debug|Any CPU
		{7B2979D6-F5FD-4F47-B8CA-53DEEC47673F}.Debug|x86.Build.0 = Debug|Any CPU
		{7B2979D6-F5FD-4F47-B8CA-53DEEC47673F}.Release|Any CPU.ActiveCfg = Release|Any CPU
		{7B2979D6-F5FD-4F47-B8CA-53DEEC47673F}.Release|Any CPU.Build.0 = Release|Any CPU
		{7B2979D6-F5FD-4F47-B8CA-53DEEC47673F}.Release|x64.ActiveCfg = Release|Any CPU
		{7B2979D6-F5FD-4F47-B8CA-53DEEC47673F}.Release|x64.Build.0 = Release|Any CPU
		{7B2979D6-F5FD-4F47-B8CA-53DEEC47673F}.Release|x86.ActiveCfg = Release|Any CPU
		{7B2979D6-F5FD-4F47-B8CA-53DEEC47673F}.Release|x86.Build.0 = Release|Any CPU
		{9ADFBBA9-2850-4A90-B21D-F4159D7F2F62}.Debug|Any CPU.ActiveCfg = Debug|Any CPU
		{9ADFBBA9-2850-4A90-B21D-F4159D7F2F62}.Debug|Any CPU.Build.0 = Debug|Any CPU
		{9ADFBBA9-2850-4A90-B21D-F4159D7F2F62}.Debug|x64.ActiveCfg = Debug|Any CPU
		{9ADFBBA9-2850-4A90-B21D-F4159D7F2F62}.Debug|x64.Build.0 = Debug|Any CPU
		{9ADFBBA9-2850-4A90-B21D-F4159D7F2F62}.Debug|x86.ActiveCfg = Debug|Any CPU
		{9ADFBBA9-2850-4A90-B21D-F4159D7F2F62}.Debug|x86.Build.0 = Debug|Any CPU
		{9ADFBBA9-2850-4A90-B21D-F4159D7F2F62}.Release|Any CPU.ActiveCfg = Release|Any CPU
		{9ADFBBA9-2850-4A90-B21D-F4159D7F2F62}.Release|Any CPU.Build.0 = Release|Any CPU
		{9ADFBBA9-2850-4A90-B21D-F4159D7F2F62}.Release|x64.ActiveCfg = Release|Any CPU
		{9ADFBBA9-2850-4A90-B21D-F4159D7F2F62}.Release|x64.Build.0 = Release|Any CPU
		{9ADFBBA9-2850-4A90-B21D-F4159D7F2F62}.Release|x86.ActiveCfg = Release|Any CPU
		{9ADFBBA9-2850-4A90-B21D-F4159D7F2F62}.Release|x86.Build.0 = Release|Any CPU
		{4296E46F-A6B8-4027-8158-727A81FCEDC6}.Debug|Any CPU.ActiveCfg = Debug|Any CPU
		{4296E46F-A6B8-4027-8158-727A81FCEDC6}.Debug|Any CPU.Build.0 = Debug|Any CPU
		{4296E46F-A6B8-4027-8158-727A81FCEDC6}.Debug|x64.ActiveCfg = Debug|Any CPU
		{4296E46F-A6B8-4027-8158-727A81FCEDC6}.Debug|x64.Build.0 = Debug|Any CPU
		{4296E46F-A6B8-4027-8158-727A81FCEDC6}.Debug|x86.ActiveCfg = Debug|Any CPU
		{4296E46F-A6B8-4027-8158-727A81FCEDC6}.Debug|x86.Build.0 = Debug|Any CPU
		{4296E46F-A6B8-4027-8158-727A81FCEDC6}.Release|Any CPU.ActiveCfg = Release|Any CPU
		{4296E46F-A6B8-4027-8158-727A81FCEDC6}.Release|Any CPU.Build.0 = Release|Any CPU
		{4296E46F-A6B8-4027-8158-727A81FCEDC6}.Release|x64.ActiveCfg = Release|Any CPU
		{4296E46F-A6B8-4027-8158-727A81FCEDC6}.Release|x64.Build.0 = Release|Any CPU
		{4296E46F-A6B8-4027-8158-727A81FCEDC6}.Release|x86.ActiveCfg = Release|Any CPU
		{4296E46F-A6B8-4027-8158-727A81FCEDC6}.Release|x86.Build.0 = Release|Any CPU
	EndGlobalSection
	GlobalSection(SolutionProperties) = preSolution
		HideSolutionNode = FALSE
	EndGlobalSection
	GlobalSection(NestedProjects) = preSolution
		{C20B9CEF-1B2C-4FE9-B861-B4B34ACBC3DC} = {827E0CD3-B72D-47B6-A68D-7590B98EB39B}
		{7B2979D6-F5FD-4F47-B8CA-53DEEC47673F} = {827E0CD3-B72D-47B6-A68D-7590B98EB39B}
		{9ADFBBA9-2850-4A90-B21D-F4159D7F2F62} = {827E0CD3-B72D-47B6-A68D-7590B98EB39B}
		{4296E46F-A6B8-4027-8158-727A81FCEDC6} = {827E0CD3-B72D-47B6-A68D-7590B98EB39B}
	EndGlobalSection
EndGlobal
